
Microsoft Visual Studio Solution File, Format Version 11.00
# Visual Studio 2010
Project("{FAE04EC0-301F-11D3-BF4B-00C04F79EFBC}") = "JRiverController", "JRiverController.csproj", "{2BB356FB-3AC9-4ECB-87AD-8156A920F456}"
EndProject
Project("{FAE04EC0-301F-11D3-BF4B-00C04F79EFBC}") = "JRiverControllerService", "..\JRiverControllerService\JRiverControllerService.csproj", "{CE1260CB-249F-428B-8F29-A010E2D40089}"
EndProject
Project("{FAE04EC0-301F-11D3-BF4B-00C04F79EFBC}") = "JRiverInterfaceService", "JRiverInterfaceService\JRiverInterfaceService.csproj", "{81DA15CE-46AD-47AE-AA06-388739DEE662}"
EndProject
Global
	GlobalSection(SolutionConfigurationPlatforms) = preSolution
		Debug|Any CPU = Debug|Any CPU
		Debug|Mixed Platforms = Debug|Mixed Platforms
		Debug|x86 = Debug|x86
		Release|Any CPU = Release|Any CPU
		Release|Mixed Platforms = Release|Mixed Platforms
		Release|x86 = Release|x86
	EndGlobalSection
	GlobalSection(ProjectConfigurationPlatforms) = postSolution
		{2BB356FB-3AC9-4ECB-87AD-8156A920F456}.Debug|Any CPU.ActiveCfg = Debug|x86
		{2BB356FB-3AC9-4ECB-87AD-8156A920F456}.Debug|Mixed Platforms.ActiveCfg = Debug|x86
		{2BB356FB-3AC9-4ECB-87AD-8156A920F456}.Debug|Mixed Platforms.Build.0 = Debug|x86
		{2BB356FB-3AC9-4ECB-87AD-8156A920F456}.Debug|x86.ActiveCfg = Debug|x86
		{2BB356FB-3AC9-4ECB-87AD-8156A920F456}.Debug|x86.Build.0 = Debug|x86
		{2BB356FB-3AC9-4ECB-87AD-8156A920F456}.Release|Any CPU.ActiveCfg = Release|x86
		{2BB356FB-3AC9-4ECB-87AD-8156A920F456}.Release|Mixed Platforms.ActiveCfg = Release|x86
		{2BB356FB-3AC9-4ECB-87AD-8156A920F456}.Release|Mixed Platforms.Build.0 = Release|x86
		{2BB356FB-3AC9-4ECB-87AD-8156A920F456}.Release|x86.ActiveCfg = Release|x86
		{2BB356FB-3AC9-4ECB-87AD-8156A920F456}.Release|x86.Build.0 = Release|x86
		{CE1260CB-249F-428B-8F29-A010E2D40089}.Debug|Any CPU.ActiveCfg = Debug|Any CPU
		{CE1260CB-249F-428B-8F29-A010E2D40089}.Debug|Any CPU.Build.0 = Debug|Any CPU
		{CE1260CB-249F-428B-8F29-A010E2D40089}.Debug|Mixed Platforms.ActiveCfg = Debug|Any CPU
		{CE1260CB-249F-428B-8F29-A010E2D40089}.Debug|Mixed Platforms.Build.0 = Debug|Any CPU
		{CE1260CB-249F-428B-8F29-A010E2D40089}.Debug|x86.ActiveCfg = Debug|Any CPU
		{CE1260CB-249F-428B-8F29-A010E2D40089}.Release|Any CPU.ActiveCfg = Release|Any CPU
		{CE1260CB-249F-428B-8F29-A010E2D40089}.Release|Any CPU.Build.0 = Release|Any CPU
		{CE1260CB-249F-428B-8F29-A010E2D40089}.Release|Mixed Platforms.ActiveCfg = Release|Any CPU
		{CE1260CB-249F-428B-8F29-A010E2D40089}.Release|Mixed Platforms.Build.0 = Release|Any CPU
		{CE1260CB-249F-428B-8F29-A010E2D40089}.Release|x86.ActiveCfg = Release|Any CPU
		{81DA15CE-46AD-47AE-AA06-388739DEE662}.Debug|Any CPU.ActiveCfg = Debug|x86
		{81DA15CE-46AD-47AE-AA06-388739DEE662}.Debug|Mixed Platforms.ActiveCfg = Debug|x86
		{81DA15CE-46AD-47AE-AA06-388739DEE662}.Debug|Mixed Platforms.Build.0 = Debug|x86
		{81DA15CE-46AD-47AE-AA06-388739DEE662}.Debug|x86.ActiveCfg = Debug|x86
		{81DA15CE-46AD-47AE-AA06-388739DEE662}.Debug|x86.Build.0 = Debug|x86
		{81DA15CE-46AD-47AE-AA06-388739DEE662}.Release|Any CPU.ActiveCfg = Release|x86
		{81DA15CE-46AD-47AE-AA06-388739DEE662}.Release|Mixed Platforms.ActiveCfg = Release|x86
		{81DA15CE-46AD-47AE-AA06-388739DEE662}.Release|Mixed Platforms.Build.0 = Release|x86
		{81DA15CE-46AD-47AE-AA06-388739DEE662}.Release|x86.ActiveCfg = Release|x86
		{81DA15CE-46AD-47AE-AA06-388739DEE662}.Release|x86.Build.0 = Release|x86
	EndGlobalSection
	GlobalSection(SolutionProperties) = preSolution
		HideSolutionNode = FALSE
	EndGlobalSection
EndGlobal
